
Microsoft Visual Studio Solution File, Format Version 12.00
# Visual Studio Version 17
VisualStudioVersion = 17.0.31903.59
MinimumVisualStudioVersion = 10.0.40219.1
Project("{2150E333-8FDC-42A3-9474-1A3956D46DE8}") = "src", "src", "{827E0CD3-B72D-47B6-A68D-7590B98EB39B}"
EndProject
Project("{FAE04EC0-301F-11D3-BF4B-00C04F79EFBC}") = "Casablanca.Cli", "src\Casablanca.Cli\Casablanca.Cli.csproj", "{A7219379-325D-40E6-B430-B13F86E94194}"
EndProject
Project("{FAE04EC0-301F-11D3-BF4B-00C04F79EFBC}") = "Casablanca.Engine", "src\Casablanca.Engine\Casablanca.Engine.csproj", "{789762BF-5620-4F9F-9996-83609F63BABB}"
EndProject
Project("{FAE04EC0-301F-11D3-BF4B-00C04F79EFBC}") = "Casablanca.Providers.Datadog", "src\Casablanca.Providers.Datadog\Casablanca.Providers.Datadog.csproj", "{5CABCEEF-4758-4338-BC2D-609AB85F1264}"
EndProject
Project("{FAE04EC0-301F-11D3-BF4B-00C04F79EFBC}") = "Casablanca.Providers.Honeycomb", "src\Casablanca.Providers.Honeycomb\Casablanca.Providers.Honeycomb.csproj", "{5FAFF5B2-21DA-4D31-9C8E-7D23386C8A8E}"
EndProject
Project("{FAE04EC0-301F-11D3-BF4B-00C04F79EFBC}") = "Casablanca.Abstractions", "src\Casablanca.Abstractions\Casablanca.Abstractions.csproj", "{9C7E10E1-9E5B-4B5E-9E9A-2C9B7E97B013}"
EndProject
Project("{FAE04EC0-301F-11D3-BF4B-00C04F79EFBC}") = "Casablanca.Testing", "src\Casablanca.Testing\Casablanca.Testing.csproj", "{8C50D7B0-7BE9-4D4F-B71E-6A99107CC4C3}"
EndProject
Project("{FAE04EC0-301F-11D3-BF4B-00C04F79EFBC}") = "Casablanca.Engine.Tests", "Tests\Casablanca.Engine.Tests\Casablanca.Engine.Tests.csproj", "{97B00745-0AAB-4C46-B4E8-795275D97D0E}"
EndProject
Global
	GlobalSection(SolutionConfigurationPlatforms) = preSolution
		Debug|Any CPU = Debug|Any CPU
		Debug|x64 = Debug|x64
		Debug|x86 = Debug|x86
		Release|Any CPU = Release|Any CPU
		Release|x64 = Release|x64
		Release|x86 = Release|x86
	EndGlobalSection
	GlobalSection(ProjectConfigurationPlatforms) = postSolution
		{A7219379-325D-40E6-B430-B13F86E94194}.Debug|Any CPU.ActiveCfg = Debug|Any CPU
		{A7219379-325D-40E6-B430-B13F86E94194}.Debug|Any CPU.Build.0 = Debug|Any CPU
		{A7219379-325D-40E6-B430-B13F86E94194}.Debug|x64.ActiveCfg = Debug|Any CPU
		{A7219379-325D-40E6-B430-B13F86E94194}.Debug|x64.Build.0 = Debug|Any CPU
		{A7219379-325D-40E6-B430-B13F86E94194}.Debug|x86.ActiveCfg = Debug|Any CPU
		{A7219379-325D-40E6-B430-B13F86E94194}.Debug|x86.Build.0 = Debug|Any CPU
		{A7219379-325D-40E6-B430-B13F86E94194}.Release|Any CPU.ActiveCfg = Release|Any CPU
		{A7219379-325D-40E6-B430-B13F86E94194}.Release|Any CPU.Build.0 = Release|Any CPU
		{A7219379-325D-40E6-B430-B13F86E94194}.Release|x64.ActiveCfg = Release|Any CPU
		{A7219379-325D-40E6-B430-B13F86E94194}.Release|x64.Build.0 = Release|Any CPU
		{A7219379-325D-40E6-B430-B13F86E94194}.Release|x86.ActiveCfg = Release|Any CPU
		{A7219379-325D-40E6-B430-B13F86E94194}.Release|x86.Build.0 = Release|Any CPU
		{789762BF-5620-4F9F-9996-83609F63BABB}.Debug|Any CPU.ActiveCfg = Debug|Any CPU
		{789762BF-5620-4F9F-9996-83609F63BABB}.Debug|Any CPU.Build.0 = Debug|Any CPU
		{789762BF-5620-4F9F-9996-83609F63BABB}.Debug|x64.ActiveCfg = Debug|Any CPU
		{789762BF-5620-4F9F-9996-83609F63BABB}.Debug|x64.Build.0 = Debug|Any CPU
		{789762BF-5620-4F9F-9996-83609F63BABB}.Debug|x86.ActiveCfg = Debug|Any CPU
		{789762BF-5620-4F9F-9996-83609F63BABB}.Debug|x86.Build.0 = Debug|Any CPU
		{789762BF-5620-4F9F-9996-83609F63BABB}.Release|Any CPU.ActiveCfg = Release|Any CPU
		{789762BF-5620-4F9F-9996-83609F63BABB}.Release|Any CPU.Build.0 = Release|Any CPU
		{789762BF-5620-4F9F-9996-83609F63BABB}.Release|x64.ActiveCfg = Release|Any CPU
		{789762BF-5620-4F9F-9996-83609F63BABB}.Release|x64.Build.0 = Release|Any CPU
		{789762BF-5620-4F9F-9996-83609F63BABB}.Release|x86.ActiveCfg = Release|Any CPU
		{789762BF-5620-4F9F-9996-83609F63BABB}.Release|x86.Build.0 = Release|Any CPU
		{5CABCEEF-4758-4338-BC2D-609AB85F1264}.Debug|Any CPU.ActiveCfg = Debug|Any CPU
		{5CABCEEF-4758-4338-BC2D-609AB85F1264}.Debug|Any CPU.Build.0 = Debug|Any CPU
		{5CABCEEF-4758-4338-BC2D-609AB85F1264}.Debug|x64.ActiveCfg = Debug|Any CPU
		{5CABCEEF-4758-4338-BC2D-609AB85F1264}.Debug|x64.Build.0 = Debug|Any CPU
		{5CABCEEF-4758-4338-BC2D-609AB85F1264}.Debug|x86.ActiveCfg = Debug|Any CPU
		{5CABCEEF-4758-4338-BC2D-609AB85F1264}.Debug|x86.Build.0 = Debug|Any CPU
		{5CABCEEF-4758-4338-BC2D-609AB85F1264}.Release|Any CPU.ActiveCfg = Release|Any CPU
		{5CABCEEF-4758-4338-BC2D-609AB85F1264}.Release|Any CPU.Build.0 = Release|Any CPU
		{5CABCEEF-4758-4338-BC2D-609AB85F1264}.Release|x64.ActiveCfg = Release|Any CPU
		{5CABCEEF-4758-4338-BC2D-609AB85F1264}.Release|x64.Build.0 = Release|Any CPU
		{5CABCEEF-4758-4338-BC2D-609AB85F1264}.Release|x86.ActiveCfg = Release|Any CPU
		{5CABCEEF-4758-4338-BC2D-609AB85F1264}.Release|x86.Build.0 = Release|Any CPU
		{5FAFF5B2-21DA-4D31-9C8E-7D23386C8A8E}.Debug|Any CPU.ActiveCfg = Debug|Any CPU
		{5FAFF5B2-21DA-4D31-9C8E-7D23386C8A8E}.Debug|Any CPU.Build.0 = Debug|Any CPU
		{5FAFF5B2-21DA-4D31-9C8E-7D23386C8A8E}.Debug|x64.ActiveCfg = Debug|Any CPU
		{5FAFF5B2-21DA-4D31-9C8E-7D23386C8A8E}.Debug|x64.Build.0 = Debug|Any CPU
		{5FAFF5B2-21DA-4D31-9C8E-7D23386C8A8E}.Debug|x86.ActiveCfg = Debug|Any CPU
		{5FAFF5B2-21DA-4D31-9C8E-7D23386C8A8E}.Debug|x86.Build.0 = Debug|Any CPU
		{5FAFF5B2-21DA-4D31-9C8E-7D23386C8A8E}.Release|Any CPU.ActiveCfg = Release|Any CPU
		{5FAFF5B2-21DA-4D31-9C8E-7D23386C8A8E}.Release|Any CPU.Build.0 = Release|Any CPU
		{5FAFF5B2-21DA-4D31-9C8E-7D23386C8A8E}.Release|x64.ActiveCfg = Release|Any CPU
		{5FAFF5B2-21DA-4D31-9C8E-7D23386C8A8E}.Release|x64.Build.0 = Release|Any CPU
		{5FAFF5B2-21DA-4D31-9C8E-7D23386C8A8E}.Release|x86.ActiveCfg = Release|Any CPU
		{5FAFF5B2-21DA-4D31-9C8E-7D23386C8A8E}.Release|x86.Build.0 = Release|Any CPU
		{9C7E10E1-9E5B-4B5E-9E9A-2C9B7E97B013}.Debug|Any CPU.ActiveCfg = Debug|Any CPU
		{9C7E10E1-9E5B-4B5E-9E9A-2C9B7E97B013}.Debug|Any CPU.Build.0 = Debug|Any CPU
		{9C7E10E1-9E5B-4B5E-9E9A-2C9B7E97B013}.Debug|x64.ActiveCfg = Debug|Any CPU
		{9C7E10E1-9E5B-4B5E-9E9A-2C9B7E97B013}.Debug|x64.Build.0 = Debug|Any CPU
		{9C7E10E1-9E5B-4B5E-9E9A-2C9B7E97B013}.Debug|x86.ActiveCfg = Debug|Any CPU
		{9C7E10E1-9E5B-4B5E-9E9A-2C9B7E97B013}.Debug|x86.Build.0 = Debug|Any CPU
		{9C7E10E1-9E5B-4B5E-9E9A-2C9B7E97B013}.Release|Any CPU.ActiveCfg = Release|Any CPU
		{9C7E10E1-9E5B-4B5E-9E9A-2C9B7E97B013}.Release|Any CPU.Build.0 = Release|Any CPU
		{9C7E10E1-9E5B-4B5E-9E9A-2C9B7E97B013}.Release|x64.ActiveCfg = Release|Any CPU
		{9C7E10E1-9E5B-4B5E-9E9A-2C9B7E97B013}.Release|x64.Build.0 = Release|Any CPU
		{9C7E10E1-9E5B-4B5E-9E9A-2C9B7E97B013}.Release|x86.ActiveCfg = Release|Any CPU
		{9C7E10E1-9E5B-4B5E-9E9A-2C9B7E97B013}.Release|x86.Build.0 = Release|Any CPU
		{8C50D7B0-7BE9-4D4F-B71E-6A99107CC4C3}.Debug|Any CPU.ActiveCfg = Debug|Any CPU
		{8C50D7B0-7BE9-4D4F-B71E-6A99107CC4C3}.Debug|Any CPU.Build.0 = Debug|Any CPU
		{8C50D7B0-7BE9-4D4F-B71E-6A99107CC4C3}.Debug|x64.ActiveCfg = Debug|Any CPU
		{8C50D7B0-7BE9-4D4F-B71E-6A99107CC4C3}.Debug|x64.Build.0 = Debug|Any CPU
		{8C50D7B0-7BE9-4D4F-B71E-6A99107CC4C3}.Debug|x86.ActiveCfg = Debug|Any CPU
		{8C50D7B0-7BE9-4D4F-B71E-6A99107CC4C3}.Debug|x86.Build.0 = Debug|Any CPU
		{8C50D7B0-7BE9-4D4F-B71E-6A99107CC4C3}.Release|Any CPU.ActiveCfg = Release|Any CPU
		{8C50D7B0-7BE9-4D4F-B71E-6A99107CC4C3}.Release|Any CPU.Build.0 = Release|Any CPU
		{8C50D7B0-7BE9-4D4F-B71E-6A99107CC4C3}.Release|x64.ActiveCfg = Release|Any CPU
		{8C50D7B0-7BE9-4D4F-B71E-6A99107CC4C3}.Release|x64.Build.0 = Release|Any CPU
		{8C50D7B0-7BE9-4D4F-B71E-6A99107CC4C3}.Release|x86.ActiveCfg = Release|Any CPU
		{8C50D7B0-7BE9-4D4F-B71E-6A99107CC4C3}.Release|x86.Build.0 = Release|Any CPU
		{97B00745-0AAB-4C46-B4E8-795275D97D0E}.Debug|Any CPU.ActiveCfg = Debug|Any CPU
		{97B00745-0AAB-4C46-B4E8-795275D97D0E}.Debug|Any CPU.Build.0 = Debug|Any CPU
		{97B00745-0AAB-4C46-B4E8-795275D97D0E}.Debug|x64.ActiveCfg = Debug|Any CPU
		{97B00745-0AAB-4C46-B4E8-795275D97D0E}.Debug|x64.Build.0 = Debug|Any CPU
		{97B00745-0AAB-4C46-B4E8-795275D97D0E}.Debug|x86.ActiveCfg = Debug|Any CPU
		{97B00745-0AAB-4C46-B4E8-795275D97D0E}.Debug|x86.Build.0 = Debug|Any CPU
		{97B00745-0AAB-4C46-B4E8-795275D97D0E}.Release|Any CPU.ActiveCfg = Release|Any CPU
		{97B00745-0AAB-4C46-B4E8-795275D97D0E}.Release|Any CPU.Build.0 = Release|Any CPU
		{97B00745-0AAB-4C46-B4E8-795275D97D0E}.Release|x64.ActiveCfg = Release|Any CPU
		{97B00745-0AAB-4C46-B4E8-795275D97D0E}.Release|x64.Build.0 = Release|Any CPU
		{97B00745-0AAB-4C46-B4E8-795275D97D0E}.Release|x86.ActiveCfg = Release|Any CPU
		{97B00745-0AAB-4C46-B4E8-795275D97D0E}.Release|x86.Build.0 = Release|Any CPU
	EndGlobalSection
	GlobalSection(SolutionProperties) = preSolution
		HideSolutionNode = FALSE
	EndGlobalSection
	GlobalSection(NestedProjects) = preSolution
		{A7219379-325D-40E6-B430-B13F86E94194} = {827E0CD3-B72D-47B6-A68D-7590B98EB39B}
		{789762BF-5620-4F9F-9996-83609F63BABB} = {827E0CD3-B72D-47B6-A68D-7590B98EB39B}
		{5CABCEEF-4758-4338-BC2D-609AB85F1264} = {827E0CD3-B72D-47B6-A68D-7590B98EB39B}
		{5FAFF5B2-21DA-4D31-9C8E-7D23386C8A8E} = {827E0CD3-B72D-47B6-A68D-7590B98EB39B}
		{9C7E10E1-9E5B-4B5E-9E9A-2C9B7E97B013} = {827E0CD3-B72D-47B6-A68D-7590B98EB39B}
		{8C50D7B0-7BE9-4D4F-B71E-6A99107CC4C3} = {827E0CD3-B72D-47B6-A68D-7590B98EB39B}
		{97B00745-0AAB-4C46-B4E8-795275D97D0E} = {827E0CD3-B72D-47B6-A68D-7590B98EB39B}
	EndGlobalSection
EndGlobal
